
Microsoft Visual Studio Solution File, Format Version 12.00
# Visual Studio Version 16
VisualStudioVersion = 16.0.32228.343
MinimumVisualStudioVersion = 10.0.40219.1
Project("{FAE04EC0-301F-11D3-BF4B-00C04F79EFBC}") = "RockPaperScissorGame", "RockPaperScissorGame\RockPaperScissorGame.csproj", "{6CDE8EEF-1B72-403A-9C1D-4EEE3A714B8B}"
EndProject
Global
	GlobalSection(SolutionConfigurationPlatforms) = preSolution
		Debug|Any CPU = Debug|Any CPU
		Release|Any CPU = Release|Any CPU
	EndGlobalSection
	GlobalSection(ProjectConfigurationPlatforms) = postSolution
		{6CDE8EEF-1B72-403A-9C1D-4EEE3A714B8B}.Debug|Any CPU.ActiveCfg = Debug|Any CPU
		{6CDE8EEF-1B72-403A-9C1D-4EEE3A714B8B}.Debug|Any CPU.Build.0 = Debug|Any CPU
		{6CDE8EEF-1B72-403A-9C1D-4EEE3A714B8B}.Release|Any CPU.ActiveCfg = Release|Any CPU
		{6CDE8EEF-1B72-403A-9C1D-4EEE3A714B8B}.Release|Any CPU.Build.0 = Release|Any CPU
	EndGlobalSection
	GlobalSection(SolutionProperties) = preSolution
		HideSolutionNode = FALSE
	EndGlobalSection
	GlobalSection(ExtensibilityGlobals) = postSolution
		SolutionGuid = {871B7489-7153-4BE8-ADC2-C7A9F24E3A25}
	EndGlobalSection
EndGlobal
